
Microsoft Visual Studio Solution File, Format Version 12.00
# Visual Studio 15
VisualStudioVersion = 15.0.27130.2020
MinimumVisualStudioVersion = 10.0.40219.1
Project("{888888A0-9F3D-457C-B088-3A5042F75D52}") = "azure-juhe-api", "azure-juhe-api.pyproj", "{AC419F08-3521-479B-9779-1E4BD12CA36F}"
EndProject
Global
	GlobalSection(SolutionConfigurationPlatforms) = preSolution
		Debug|Any CPU = Debug|Any CPU
		Release|Any CPU = Release|Any CPU
	EndGlobalSection
	GlobalSection(ProjectConfigurationPlatforms) = postSolution
		{AC419F08-3521-479B-9779-1E4BD12CA36F}.Debug|Any CPU.ActiveCfg = Debug|Any CPU
		{AC419F08-3521-479B-9779-1E4BD12CA36F}.Release|Any CPU.ActiveCfg = Release|Any CPU
	EndGlobalSection
	GlobalSection(SolutionProperties) = preSolution
		HideSolutionNode = FALSE
	EndGlobalSection
	GlobalSection(ExtensibilityGlobals) = postSolution
		SolutionGuid = {97308ECC-9F96-4517-B767-C253429E772D}
	EndGlobalSection
EndGlobal
